
Microsoft Visual Studio Solution File, Format Version 12.00
# Visual Studio 2012
Project("{FAE04EC0-301F-11D3-BF4B-00C04F79EFBC}") = "TcpClient", "KonektTest\TcpClient.csproj", "{9739A09D-ECC3-4BA1-9AA0-28B9F9A20513}"
EndProject
Project("{FAE04EC0-301F-11D3-BF4B-00C04F79EFBC}") = "TcpSerwer", "TcpSerwer\TcpSerwer.csproj", "{A798785F-7CE8-489D-86A9-7E5AC57BC37D}"
EndProject
Project("{2150E333-8FDC-42A3-9474-1A3956D46DE8}") = "Tcp", "Tcp", "{129B4D5F-6CA2-4157-87C2-AD16B65F97D8}"
EndProject
Project("{FAE04EC0-301F-11D3-BF4B-00C04F79EFBC}") = "UdpClient", "Udp\UdpClient.csproj", "{87419F33-CA40-42B6-AF2B-A8EEF997D57D}"
EndProject
Project("{2150E333-8FDC-42A3-9474-1A3956D46DE8}") = "Udp", "Udp", "{BB447289-8DA9-4786-A358-5E8BEA2A8927}"
EndProject
Project("{FAE04EC0-301F-11D3-BF4B-00C04F79EFBC}") = "UdpSerwer", "UdpSerwer\UdpSerwer.csproj", "{C41C278E-6EFC-4FDF-91E3-26A00CF5AFE6}"
EndProject
Project("{2150E333-8FDC-42A3-9474-1A3956D46DE8}") = "Asynchronicznosc", "Asynchronicznosc", "{5D29A60B-1208-456A-BB9B-D9099D92AE52}"
EndProject
Project("{FAE04EC0-301F-11D3-BF4B-00C04F79EFBC}") = "AsynListTPC", "AsynListTPC\AsynListTPC.csproj", "{D290BC4C-D71F-422F-AB17-E67F86FF66BE}"
EndProject
Project("{2150E333-8FDC-42A3-9474-1A3956D46DE8}") = "Porty", "Porty", "{20CE4058-8F7F-4F94-B3C1-E33526D61D28}"
EndProject
Project("{FAE04EC0-301F-11D3-BF4B-00C04F79EFBC}") = "PortTesterGdzies", "PortTester\PortTesterGdzies.csproj", "{E2B8B9F2-2D71-4E66-9D74-B6758AAE9B63}"
EndProject
Project("{FAE04EC0-301F-11D3-BF4B-00C04F79EFBC}") = "PortTesterLokalny", "PortTesterLokalny\PortTesterLokalny.csproj", "{5BFBD4BF-2B6E-4C0C-8CAA-5967F83211C2}"
EndProject
Project("{2150E333-8FDC-42A3-9474-1A3956D46DE8}") = "MiniIRC", "MiniIRC", "{D6F9D9FA-35C9-4F08-AB26-AF7AF9793066}"
EndProject
Project("{FAE04EC0-301F-11D3-BF4B-00C04F79EFBC}") = "MiniIRCServe", "MiniIRCServe\MiniIRCServe.csproj", "{21C43A8B-28D4-43DA-A3A0-60FE544921A4}"
EndProject
Project("{FAE04EC0-301F-11D3-BF4B-00C04F79EFBC}") = "TestConnection", "TestConnection\TestConnection.csproj", "{1DB47756-1681-471E-9264-23EB0D03019D}"
EndProject
Project("{FAE04EC0-301F-11D3-BF4B-00C04F79EFBC}") = "MIrcClient", "MIrcClient\MIrcClient.csproj", "{457D3A7A-570E-4C91-A11F-BD1607FE9323}"
EndProject
Global
	GlobalSection(SolutionConfigurationPlatforms) = preSolution
		Debug|Any CPU = Debug|Any CPU
		Release|Any CPU = Release|Any CPU
	EndGlobalSection
	GlobalSection(ProjectConfigurationPlatforms) = postSolution
		{9739A09D-ECC3-4BA1-9AA0-28B9F9A20513}.Debug|Any CPU.ActiveCfg = Debug|Any CPU
		{9739A09D-ECC3-4BA1-9AA0-28B9F9A20513}.Debug|Any CPU.Build.0 = Debug|Any CPU
		{9739A09D-ECC3-4BA1-9AA0-28B9F9A20513}.Release|Any CPU.ActiveCfg = Release|Any CPU
		{9739A09D-ECC3-4BA1-9AA0-28B9F9A20513}.Release|Any CPU.Build.0 = Release|Any CPU
		{A798785F-7CE8-489D-86A9-7E5AC57BC37D}.Debug|Any CPU.ActiveCfg = Debug|Any CPU
		{A798785F-7CE8-489D-86A9-7E5AC57BC37D}.Debug|Any CPU.Build.0 = Debug|Any CPU
		{A798785F-7CE8-489D-86A9-7E5AC57BC37D}.Release|Any CPU.ActiveCfg = Release|Any CPU
		{A798785F-7CE8-489D-86A9-7E5AC57BC37D}.Release|Any CPU.Build.0 = Release|Any CPU
		{87419F33-CA40-42B6-AF2B-A8EEF997D57D}.Debug|Any CPU.ActiveCfg = Debug|Any CPU
		{87419F33-CA40-42B6-AF2B-A8EEF997D57D}.Debug|Any CPU.Build.0 = Debug|Any CPU
		{87419F33-CA40-42B6-AF2B-A8EEF997D57D}.Release|Any CPU.ActiveCfg = Release|Any CPU
		{87419F33-CA40-42B6-AF2B-A8EEF997D57D}.Release|Any CPU.Build.0 = Release|Any CPU
		{C41C278E-6EFC-4FDF-91E3-26A00CF5AFE6}.Debug|Any CPU.ActiveCfg = Debug|Any CPU
		{C41C278E-6EFC-4FDF-91E3-26A00CF5AFE6}.Debug|Any CPU.Build.0 = Debug|Any CPU
		{C41C278E-6EFC-4FDF-91E3-26A00CF5AFE6}.Release|Any CPU.ActiveCfg = Release|Any CPU
		{C41C278E-6EFC-4FDF-91E3-26A00CF5AFE6}.Release|Any CPU.Build.0 = Release|Any CPU
		{D290BC4C-D71F-422F-AB17-E67F86FF66BE}.Debug|Any CPU.ActiveCfg = Debug|Any CPU
		{D290BC4C-D71F-422F-AB17-E67F86FF66BE}.Debug|Any CPU.Build.0 = Debug|Any CPU
		{D290BC4C-D71F-422F-AB17-E67F86FF66BE}.Release|Any CPU.ActiveCfg = Release|Any CPU
		{D290BC4C-D71F-422F-AB17-E67F86FF66BE}.Release|Any CPU.Build.0 = Release|Any CPU
		{E2B8B9F2-2D71-4E66-9D74-B6758AAE9B63}.Debug|Any CPU.ActiveCfg = Debug|Any CPU
		{E2B8B9F2-2D71-4E66-9D74-B6758AAE9B63}.Debug|Any CPU.Build.0 = Debug|Any CPU
		{E2B8B9F2-2D71-4E66-9D74-B6758AAE9B63}.Release|Any CPU.ActiveCfg = Release|Any CPU
		{E2B8B9F2-2D71-4E66-9D74-B6758AAE9B63}.Release|Any CPU.Build.0 = Release|Any CPU
		{5BFBD4BF-2B6E-4C0C-8CAA-5967F83211C2}.Debug|Any CPU.ActiveCfg = Debug|Any CPU
		{5BFBD4BF-2B6E-4C0C-8CAA-5967F83211C2}.Debug|Any CPU.Build.0 = Debug|Any CPU
		{5BFBD4BF-2B6E-4C0C-8CAA-5967F83211C2}.Release|Any CPU.ActiveCfg = Release|Any CPU
		{5BFBD4BF-2B6E-4C0C-8CAA-5967F83211C2}.Release|Any CPU.Build.0 = Release|Any CPU
		{21C43A8B-28D4-43DA-A3A0-60FE544921A4}.Debug|Any CPU.ActiveCfg = Debug|Any CPU
		{21C43A8B-28D4-43DA-A3A0-60FE544921A4}.Debug|Any CPU.Build.0 = Debug|Any CPU
		{21C43A8B-28D4-43DA-A3A0-60FE544921A4}.Release|Any CPU.ActiveCfg = Release|Any CPU
		{21C43A8B-28D4-43DA-A3A0-60FE544921A4}.Release|Any CPU.Build.0 = Release|Any CPU
		{1DB47756-1681-471E-9264-23EB0D03019D}.Debug|Any CPU.ActiveCfg = Debug|Any CPU
		{1DB47756-1681-471E-9264-23EB0D03019D}.Debug|Any CPU.Build.0 = Debug|Any CPU
		{1DB47756-1681-471E-9264-23EB0D03019D}.Release|Any CPU.ActiveCfg = Release|Any CPU
		{1DB47756-1681-471E-9264-23EB0D03019D}.Release|Any CPU.Build.0 = Release|Any CPU
		{457D3A7A-570E-4C91-A11F-BD1607FE9323}.Debug|Any CPU.ActiveCfg = Debug|Any CPU
		{457D3A7A-570E-4C91-A11F-BD1607FE9323}.Debug|Any CPU.Build.0 = Debug|Any CPU
		{457D3A7A-570E-4C91-A11F-BD1607FE9323}.Release|Any CPU.ActiveCfg = Release|Any CPU
		{457D3A7A-570E-4C91-A11F-BD1607FE9323}.Release|Any CPU.Build.0 = Release|Any CPU
	EndGlobalSection
	GlobalSection(SolutionProperties) = preSolution
		HideSolutionNode = FALSE
	EndGlobalSection
	GlobalSection(NestedProjects) = preSolution
		{A798785F-7CE8-489D-86A9-7E5AC57BC37D} = {129B4D5F-6CA2-4157-87C2-AD16B65F97D8}
		{9739A09D-ECC3-4BA1-9AA0-28B9F9A20513} = {129B4D5F-6CA2-4157-87C2-AD16B65F97D8}
		{87419F33-CA40-42B6-AF2B-A8EEF997D57D} = {BB447289-8DA9-4786-A358-5E8BEA2A8927}
		{C41C278E-6EFC-4FDF-91E3-26A00CF5AFE6} = {BB447289-8DA9-4786-A358-5E8BEA2A8927}
		{D290BC4C-D71F-422F-AB17-E67F86FF66BE} = {5D29A60B-1208-456A-BB9B-D9099D92AE52}
		{E2B8B9F2-2D71-4E66-9D74-B6758AAE9B63} = {20CE4058-8F7F-4F94-B3C1-E33526D61D28}
		{5BFBD4BF-2B6E-4C0C-8CAA-5967F83211C2} = {20CE4058-8F7F-4F94-B3C1-E33526D61D28}
		{21C43A8B-28D4-43DA-A3A0-60FE544921A4} = {D6F9D9FA-35C9-4F08-AB26-AF7AF9793066}
		{1DB47756-1681-471E-9264-23EB0D03019D} = {D6F9D9FA-35C9-4F08-AB26-AF7AF9793066}
		{457D3A7A-570E-4C91-A11F-BD1607FE9323} = {D6F9D9FA-35C9-4F08-AB26-AF7AF9793066}
	EndGlobalSection
EndGlobal
